// !$*UTF8*$!
{
	archiveVersion = 1;
	classes = {
	};
	objectVersion = 50;
	objects = {

/* Begin PBXBuildFile section */
		EAD5B58F2320783C00459B5F /* AppDelegate.swift in Sources */ = {isa = PBXBuildFile; fileRef = EAD5B58E2320783C00459B5F /* AppDelegate.swift */; };
		EAD5B5912320783C00459B5F /* UserListViewController.swift in Sources */ = {isa = PBXBuildFile; fileRef = EAD5B5902320783C00459B5F /* UserListViewController.swift */; };
		EAD5B5942320783C00459B5F /* Main.storyboard in Resources */ = {isa = PBXBuildFile; fileRef = EAD5B5922320783C00459B5F /* Main.storyboard */; };
		EAD5B5962320783D00459B5F /* Assets.xcassets in Resources */ = {isa = PBXBuildFile; fileRef = EAD5B5952320783D00459B5F /* Assets.xcassets */; };
		EAD5B5992320783D00459B5F /* LaunchScreen.storyboard in Resources */ = {isa = PBXBuildFile; fileRef = EAD5B5972320783D00459B5F /* LaunchScreen.storyboard */; };
		EAD5B5A42320783D00459B5F /* PeopleAndAppleStockPricesTests.swift in Sources */ = {isa = PBXBuildFile; fileRef = EAD5B5A32320783D00459B5F /* PeopleAndAppleStockPricesTests.swift */; };
		EAD5B5B5232079D900459B5F /* applstockinfo.json in Resources */ = {isa = PBXBuildFile; fileRef = EAD5B5B3232079D900459B5F /* applstockinfo.json */; };
		EAD5B5B6232079D900459B5F /* userinfo.json in Resources */ = {isa = PBXBuildFile; fileRef = EAD5B5B4232079D900459B5F /* userinfo.json */; };
		EAD5B5BC23207A4100459B5F /* User.swift in Sources */ = {isa = PBXBuildFile; fileRef = EAD5B5BB23207A4100459B5F /* User.swift */; };
		EAD5B5BE23207A4A00459B5F /* Stock.swift in Sources */ = {isa = PBXBuildFile; fileRef = EAD5B5BD23207A4A00459B5F /* Stock.swift */; };
		EAD5B5C023207B8E00459B5F /* StockListViewController.swift in Sources */ = {isa = PBXBuildFile; fileRef = EAD5B5BF23207B8E00459B5F /* StockListViewController.swift */; };
		EAD5B5C223207BB700459B5F /* UserDetailViewController.swift in Sources */ = {isa = PBXBuildFile; fileRef = EAD5B5C123207BB700459B5F /* UserDetailViewController.swift */; };
		EAD5B5C423207BC500459B5F /* StockDetailViewController.swift in Sources */ = {isa = PBXBuildFile; fileRef = EAD5B5C323207BC500459B5F /* StockDetailViewController.swift */; };
		EAD5B5C623207BE900459B5F /* DataFetchingService.swift in Sources */ = {isa = PBXBuildFile; fileRef = EAD5B5C523207BE900459B5F /* DataFetchingService.swift */; };
		EAD5B5C823207BFA00459B5F /* ErrorHandler.swift in Sources */ = {isa = PBXBuildFile; fileRef = EAD5B5C723207BFA00459B5F /* ErrorHandler.swift */; };
/* End PBXBuildFile section */

/* Begin PBXContainerItemProxy section */
		EAD5B5A02320783D00459B5F /* PBXContainerItemProxy */ = {
			isa = PBXContainerItemProxy;
			containerPortal = EAD5B5832320783C00459B5F /* Project object */;
			proxyType = 1;
			remoteGlobalIDString = EAD5B58A2320783C00459B5F;
			remoteInfo = PeopleAndAppleStockPrices;
		};
/* End PBXContainerItemProxy section */

/* Begin PBXFileReference section */
		EAD5B58B2320783C00459B5F /* PeopleAndAppleStockPrices.app */ = {isa = PBXFileReference; explicitFileType = wrapper.application; includeInIndex = 0; path = PeopleAndAppleStockPrices.app; sourceTree = BUILT_PRODUCTS_DIR; };
		EAD5B58E2320783C00459B5F /* AppDelegate.swift */ = {isa = PBXFileReference; lastKnownFileType = sourcecode.swift; path = AppDelegate.swift; sourceTree = "<group>"; };
		EAD5B5902320783C00459B5F /* UserListViewController.swift */ = {isa = PBXFileReference; lastKnownFileType = sourcecode.swift; path = UserListViewController.swift; sourceTree = "<group>"; };
		EAD5B5932320783C00459B5F /* Base */ = {isa = PBXFileReference; lastKnownFileType = file.storyboard; name = Base; path = Base.lproj/Main.storyboard; sourceTree = "<group>"; };
		EAD5B5952320783D00459B5F /* Assets.xcassets */ = {isa = PBXFileReference; lastKnownFileType = folder.assetcatalog; path = Assets.xcassets; sourceTree = "<group>"; };
		EAD5B5982320783D00459B5F /* Base */ = {isa = PBXFileReference; lastKnownFileType = file.storyboard; name = Base; path = Base.lproj/LaunchScreen.storyboard; sourceTree = "<group>"; };
		EAD5B59A2320783D00459B5F /* Info.plist */ = {isa = PBXFileReference; lastKnownFileType = text.plist.xml; path = Info.plist; sourceTree = "<group>"; };
		EAD5B59F2320783D00459B5F /* PeopleAndAppleStockPricesTests.xctest */ = {isa = PBXFileReference; explicitFileType = wrapper.cfbundle; includeInIndex = 0; path = PeopleAndAppleStockPricesTests.xctest; sourceTree = BUILT_PRODUCTS_DIR; };
		EAD5B5A32320783D00459B5F /* PeopleAndAppleStockPricesTests.swift */ = {isa = PBXFileReference; lastKnownFileType = sourcecode.swift; path = PeopleAndAppleStockPricesTests.swift; sourceTree = "<group>"; };
		EAD5B5A52320783D00459B5F /* Info.plist */ = {isa = PBXFileReference; lastKnownFileType = text.plist.xml; path = Info.plist; sourceTree = "<group>"; };
		EAD5B5B3232079D900459B5F /* applstockinfo.json */ = {isa = PBXFileReference; fileEncoding = 4; lastKnownFileType = text.json; name = applstockinfo.json; path = PeopleAndAppleStockPrices/applstockinfo.json; sourceTree = SOURCE_ROOT; };
		EAD5B5B4232079D900459B5F /* userinfo.json */ = {isa = PBXFileReference; fileEncoding = 4; lastKnownFileType = text.json; name = userinfo.json; path = PeopleAndAppleStockPrices/userinfo.json; sourceTree = SOURCE_ROOT; };
		EAD5B5BB23207A4100459B5F /* User.swift */ = {isa = PBXFileReference; lastKnownFileType = sourcecode.swift; path = User.swift; sourceTree = "<group>"; };
		EAD5B5BD23207A4A00459B5F /* Stock.swift */ = {isa = PBXFileReference; lastKnownFileType = sourcecode.swift; path = Stock.swift; sourceTree = "<group>"; };
		EAD5B5BF23207B8E00459B5F /* StockListViewController.swift */ = {isa = PBXFileReference; lastKnownFileType = sourcecode.swift; path = StockListViewController.swift; sourceTree = "<group>"; };
		EAD5B5C123207BB700459B5F /* UserDetailViewController.swift */ = {isa = PBXFileReference; lastKnownFileType = sourcecode.swift; path = UserDetailViewController.swift; sourceTree = "<group>"; };
		EAD5B5C323207BC500459B5F /* StockDetailViewController.swift */ = {isa = PBXFileReference; lastKnownFileType = sourcecode.swift; path = StockDetailViewController.swift; sourceTree = "<group>"; };
		EAD5B5C523207BE900459B5F /* DataFetchingService.swift */ = {isa = PBXFileReference; lastKnownFileType = sourcecode.swift; path = DataFetchingService.swift; sourceTree = "<group>"; };
		EAD5B5C723207BFA00459B5F /* ErrorHandler.swift */ = {isa = PBXFileReference; lastKnownFileType = sourcecode.swift; path = ErrorHandler.swift; sourceTree = "<group>"; };
/* End PBXFileReference section */

/* Begin PBXFrameworksBuildPhase section */
		EAD5B5882320783C00459B5F /* Frameworks */ = {
			isa = PBXFrameworksBuildPhase;
			buildActionMask = 2147483647;
			files = (
			);
			runOnlyForDeploymentPostprocessing = 0;
		};
		EAD5B59C2320783D00459B5F /* Frameworks */ = {
			isa = PBXFrameworksBuildPhase;
			buildActionMask = 2147483647;
			files = (
			);
			runOnlyForDeploymentPostprocessing = 0;
		};
/* End PBXFrameworksBuildPhase section */

/* Begin PBXGroup section */
		EAD5B5822320783C00459B5F = {
			isa = PBXGroup;
			children = (
				EAD5B58D2320783C00459B5F /* PeopleAndAppleStockPrices */,
				EAD5B5A22320783D00459B5F /* PeopleAndAppleStockPricesTests */,
				EAD5B58C2320783C00459B5F /* Products */,
			);
			sourceTree = "<group>";
		};
		EAD5B58C2320783C00459B5F /* Products */ = {
			isa = PBXGroup;
			children = (
				EAD5B58B2320783C00459B5F /* PeopleAndAppleStockPrices.app */,
				EAD5B59F2320783D00459B5F /* PeopleAndAppleStockPricesTests.xctest */,
			);
			name = Products;
			sourceTree = "<group>";
		};
		EAD5B58D2320783C00459B5F /* PeopleAndAppleStockPrices */ = {
			isa = PBXGroup;
			children = (
				EAD5B5AE232078D500459B5F /* JSON */,
				EAD5B5BA23207A2800459B5F /* Models */,
				EAD5B5B7232079DF00459B5F /* Controllers */,
				EAD5B5B8232079EA00459B5F /* Views */,
				EAD5B5B9232079F800459B5F /* Supporting Files */,
				EAD5B59A2320783D00459B5F /* Info.plist */,
			);
			path = PeopleAndAppleStockPrices;
			sourceTree = "<group>";
		};
		EAD5B5A22320783D00459B5F /* PeopleAndAppleStockPricesTests */ = {
			isa = PBXGroup;
			children = (
				EAD5B5A32320783D00459B5F /* PeopleAndAppleStockPricesTests.swift */,
				EAD5B5A52320783D00459B5F /* Info.plist */,
			);
			path = PeopleAndAppleStockPricesTests;
			sourceTree = "<group>";
		};
		EAD5B5AE232078D500459B5F /* JSON */ = {
			isa = PBXGroup;
			children = (
				EAD5B5B3232079D900459B5F /* applstockinfo.json */,
				EAD5B5B4232079D900459B5F /* userinfo.json */,
			);
			path = JSON;
			sourceTree = "<group>";
		};
		EAD5B5B7232079DF00459B5F /* Controllers */ = {
			isa = PBXGroup;
			children = (
				EAD5B5902320783C00459B5F /* UserListViewController.swift */,
				EAD5B5C123207BB700459B5F /* UserDetailViewController.swift */,
				EAD5B5BF23207B8E00459B5F /* StockListViewController.swift */,
				EAD5B5C323207BC500459B5F /* StockDetailViewController.swift */,
			);
			path = Controllers;
			sourceTree = "<group>";
		};
		EAD5B5B8232079EA00459B5F /* Views */ = {
			isa = PBXGroup;
			children = (
				EAD5B5922320783C00459B5F /* Main.storyboard */,
			);
			path = Views;
			sourceTree = "<group>";
		};
		EAD5B5B9232079F800459B5F /* Supporting Files */ = {
			isa = PBXGroup;
			children = (
				EAD5B58E2320783C00459B5F /* AppDelegate.swift */,
				EAD5B5952320783D00459B5F /* Assets.xcassets */,
				EAD5B5972320783D00459B5F /* LaunchScreen.storyboard */,
			);
			path = "Supporting Files";
			sourceTree = "<group>";
		};
		EAD5B5BA23207A2800459B5F /* Models */ = {
			isa = PBXGroup;
			children = (
				EAD5B5C523207BE900459B5F /* DataFetchingService.swift */,
				EAD5B5C723207BFA00459B5F /* ErrorHandler.swift */,
				EAD5B5BB23207A4100459B5F /* User.swift */,
				EAD5B5BD23207A4A00459B5F /* Stock.swift */,
			);
			path = Models;
			sourceTree = "<group>";
		};
/* End PBXGroup section */

/* Begin PBXNativeTarget section */
		EAD5B58A2320783C00459B5F /* PeopleAndAppleStockPrices */ = {
			isa = PBXNativeTarget;
			buildConfigurationList = EAD5B5A82320783D00459B5F /* Build configuration list for PBXNativeTarget "PeopleAndAppleStockPrices" */;
			buildPhases = (
				EAD5B5872320783C00459B5F /* Sources */,
				EAD5B5882320783C00459B5F /* Frameworks */,
				EAD5B5892320783C00459B5F /* Resources */,
			);
			buildRules = (
			);
			dependencies = (
			);
			name = PeopleAndAppleStockPrices;
			productName = PeopleAndAppleStockPrices;
			productReference = EAD5B58B2320783C00459B5F /* PeopleAndAppleStockPrices.app */;
			productType = "com.apple.product-type.application";
		};
		EAD5B59E2320783D00459B5F /* PeopleAndAppleStockPricesTests */ = {
			isa = PBXNativeTarget;
			buildConfigurationList = EAD5B5AB2320783D00459B5F /* Build configuration list for PBXNativeTarget "PeopleAndAppleStockPricesTests" */;
			buildPhases = (
				EAD5B59B2320783D00459B5F /* Sources */,
				EAD5B59C2320783D00459B5F /* Frameworks */,
				EAD5B59D2320783D00459B5F /* Resources */,
			);
			buildRules = (
			);
			dependencies = (
				EAD5B5A12320783D00459B5F /* PBXTargetDependency */,
			);
			name = PeopleAndAppleStockPricesTests;
			productName = PeopleAndAppleStockPricesTests;
			productReference = EAD5B59F2320783D00459B5F /* PeopleAndAppleStockPricesTests.xctest */;
			productType = "com.apple.product-type.bundle.unit-test";
		};
/* End PBXNativeTarget section */

/* Begin PBXProject section */
		EAD5B5832320783C00459B5F /* Project object */ = {
			isa = PBXProject;
			attributes = {
				LastSwiftUpdateCheck = 1030;
				LastUpgradeCheck = 1030;
				ORGANIZATIONNAME = "Sunni Tang";
				TargetAttributes = {
					EAD5B58A2320783C00459B5F = {
						CreatedOnToolsVersion = 10.3;
					};
					EAD5B59E2320783D00459B5F = {
						CreatedOnToolsVersion = 10.3;
						TestTargetID = EAD5B58A2320783C00459B5F;
					};
				};
			};
			buildConfigurationList = EAD5B5862320783C00459B5F /* Build configuration list for PBXProject "PeopleAndAppleStockPrices" */;
			compatibilityVersion = "Xcode 9.3";
			developmentRegion = en;
			hasScannedForEncodings = 0;
			knownRegions = (
				en,
				Base,
			);
			mainGroup = EAD5B5822320783C00459B5F;
			productRefGroup = EAD5B58C2320783C00459B5F /* Products */;
			projectDirPath = "";
			projectRoot = "";
			targets = (
				EAD5B58A2320783C00459B5F /* PeopleAndAppleStockPrices */,
				EAD5B59E2320783D00459B5F /* PeopleAndAppleStockPricesTests */,
			);
		};
/* End PBXProject section */

/* Begin PBXResourcesBuildPhase section */
		EAD5B5892320783C00459B5F /* Resources */ = {
			isa = PBXResourcesBuildPhase;
			buildActionMask = 2147483647;
			files = (
				EAD5B5992320783D00459B5F /* LaunchScreen.storyboard in Resources */,
				EAD5B5962320783D00459B5F /* Assets.xcassets in Resources */,
				EAD5B5942320783C00459B5F /* Main.storyboard in Resources */,
				EAD5B5B5232079D900459B5F /* applstockinfo.json in Resources */,
				EAD5B5B6232079D900459B5F /* userinfo.json in Resources */,
			);
			runOnlyForDeploymentPostprocessing = 0;
		};
		EAD5B59D2320783D00459B5F /* Resources */ = {
			isa = PBXResourcesBuildPhase;
			buildActionMask = 2147483647;
			files = (
			);
			runOnlyForDeploymentPostprocessing = 0;
		};
/* End PBXResourcesBuildPhase section */

/* Begin PBXSourcesBuildPhase section */
		EAD5B5872320783C00459B5F /* Sources */ = {
			isa = PBXSourcesBuildPhase;
			buildActionMask = 2147483647;
			files = (
				EAD5B5912320783C00459B5F /* UserListViewController.swift in Sources */,
				EAD5B58F2320783C00459B5F /* AppDelegate.swift in Sources */,
				EAD5B5C423207BC500459B5F /* StockDetailViewController.swift in Sources */,
				EAD5B5C223207BB700459B5F /* UserDetailViewController.swift in Sources */,
				EAD5B5BE23207A4A00459B5F /* Stock.swift in Sources */,
				EAD5B5BC23207A4100459B5F /* User.swift in Sources */,
				EAD5B5C823207BFA00459B5F /* ErrorHandler.swift in Sources */,
				EAD5B5C023207B8E00459B5F /* StockListViewController.swift in Sources */,
				EAD5B5C623207BE900459B5F /* DataFetchingService.swift in Sources */,
			);
			runOnlyForDeploymentPostprocessing = 0;
		};
		EAD5B59B2320783D00459B5F /* Sources */ = {
			isa = PBXSourcesBuildPhase;
			buildActionMask = 2147483647;
			files = (
				EAD5B5A42320783D00459B5F /* PeopleAndAppleStockPricesTests.swift in Sources */,
			);
			runOnlyForDeploymentPostprocessing = 0;
		};
/* End PBXSourcesBuildPhase section */

/* Begin PBXTargetDependency section */
		EAD5B5A12320783D00459B5F /* PBXTargetDependency */ = {
			isa = PBXTargetDependency;
			target = EAD5B58A2320783C00459B5F /* PeopleAndAppleStockPrices */;
			targetProxy = EAD5B5A02320783D00459B5F /* PBXContainerItemProxy */;
		};
/* End PBXTargetDependency section */

/* Begin PBXVariantGroup section */
		EAD5B5922320783C00459B5F /* Main.storyboard */ = {
			isa = PBXVariantGroup;
			children = (
				EAD5B5932320783C00459B5F /* Base */,
			);
			name = Main.storyboard;
			sourceTree = "<group>";
		};
		EAD5B5972320783D00459B5F /* LaunchScreen.storyboard */ = {
			isa = PBXVariantGroup;
			children = (
				EAD5B5982320783D00459B5F /* Base */,
			);
			name = LaunchScreen.storyboard;
			sourceTree = "<group>";
		};
/* End PBXVariantGroup section */

/* Begin XCBuildConfiguration section */
		EAD5B5A62320783D00459B5F /* Debug */ = {
			isa = XCBuildConfiguration;
			buildSettings = {
				ALWAYS_SEARCH_USER_PATHS = NO;
				CLANG_ANALYZER_NONNULL = YES;
				CLANG_ANALYZER_NUMBER_OBJECT_CONVERSION = YES_AGGRESSIVE;
				CLANG_CXX_LANGUAGE_STANDARD = "gnu++14";
				CLANG_CXX_LIBRARY = "libc++";
				CLANG_ENABLE_MODULES = YES;
				CLANG_ENABLE_OBJC_ARC = YES;
				CLANG_ENABLE_OBJC_WEAK = YES;
				CLANG_WARN_BLOCK_CAPTURE_AUTORELEASING = YES;
				CLANG_WARN_BOOL_CONVERSION = YES;
				CLANG_WARN_COMMA = YES;
				CLANG_WARN_CONSTANT_CONVERSION = YES;
				CLANG_WARN_DEPRECATED_OBJC_IMPLEMENTATIONS = YES;
				CLANG_WARN_DIRECT_OBJC_ISA_USAGE = YES_ERROR;
				CLANG_WARN_DOCUMENTATION_COMMENTS = YES;
				CLANG_WARN_EMPTY_BODY = YES;
				CLANG_WARN_ENUM_CONVERSION = YES;
				CLANG_WARN_INFINITE_RECURSION = YES;
				CLANG_WARN_INT_CONVERSION = YES;
				CLANG_WARN_NON_LITERAL_NULL_CONVERSION = YES;
				CLANG_WARN_OBJC_IMPLICIT_RETAIN_SELF = YES;
				CLANG_WARN_OBJC_LITERAL_CONVERSION = YES;
				CLANG_WARN_OBJC_ROOT_CLASS = YES_ERROR;
				CLANG_WARN_RANGE_LOOP_ANALYSIS = YES;
				CLANG_WARN_STRICT_PROTOTYPES = YES;
				CLANG_WARN_SUSPICIOUS_MOVE = YES;
				CLANG_WARN_UNGUARDED_AVAILABILITY = YES_AGGRESSIVE;
				CLANG_WARN_UNREACHABLE_CODE = YES;
				CLANG_WARN__DUPLICATE_METHOD_MATCH = YES;
				CODE_SIGN_IDENTITY = "iPhone Developer";
				COPY_PHASE_STRIP = NO;
				DEBUG_INFORMATION_FORMAT = dwarf;
				ENABLE_STRICT_OBJC_MSGSEND = YES;
				ENABLE_TESTABILITY = YES;
				GCC_C_LANGUAGE_STANDARD = gnu11;
				GCC_DYNAMIC_NO_PIC = NO;
				GCC_NO_COMMON_BLOCKS = YES;
				GCC_OPTIMIZATION_LEVEL = 0;
				GCC_PREPROCESSOR_DEFINITIONS = (
					"DEBUG=1",
					"$(inherited)",
				);
				GCC_WARN_64_TO_32_BIT_CONVERSION = YES;
				GCC_WARN_ABOUT_RETURN_TYPE = YES_ERROR;
				GCC_WARN_UNDECLARED_SELECTOR = YES;
				GCC_WARN_UNINITIALIZED_AUTOS = YES_AGGRESSIVE;
				GCC_WARN_UNUSED_FUNCTION = YES;
				GCC_WARN_UNUSED_VARIABLE = YES;
				IPHONEOS_DEPLOYMENT_TARGET = 12.4;
				MTL_ENABLE_DEBUG_INFO = INCLUDE_SOURCE;
				MTL_FAST_MATH = YES;
				ONLY_ACTIVE_ARCH = YES;
				SDKROOT = iphoneos;
				SWIFT_ACTIVE_COMPILATION_CONDITIONS = DEBUG;
				SWIFT_OPTIMIZATION_LEVEL = "-Onone";
			};
			name = Debug;
		};
		EAD5B5A72320783D00459B5F /* Release */ = {
			isa = XCBuildConfiguration;
			buildSettings = {
				ALWAYS_SEARCH_USER_PATHS = NO;
				CLANG_ANALYZER_NONNULL = YES;
				CLANG_ANALYZER_NUMBER_OBJECT_CONVERSION = YES_AGGRESSIVE;
				CLANG_CXX_LANGUAGE_STANDARD = "gnu++14";
				CLANG_CXX_LIBRARY = "libc++";
				CLANG_ENABLE_MODULES = YES;
				CLANG_ENABLE_OBJC_ARC = YES;
				CLANG_ENABLE_OBJC_WEAK = YES;
				CLANG_WARN_BLOCK_CAPTURE_AUTORELEASING = YES;
				CLANG_WARN_BOOL_CONVERSION = YES;
				CLANG_WARN_COMMA = YES;
				CLANG_WARN_CONSTANT_CONVERSION = YES;
				CLANG_WARN_DEPRECATED_OBJC_IMPLEMENTATIONS = YES;
				CLANG_WARN_DIRECT_OBJC_ISA_USAGE = YES_ERROR;
				CLANG_WARN_DOCUMENTATION_COMMENTS = YES;
				CLANG_WARN_EMPTY_BODY = YES;
				CLANG_WARN_ENUM_CONVERSION = YES;
				CLANG_WARN_INFINITE_RECURSION = YES;
				CLANG_WARN_INT_CONVERSION = YES;
				CLANG_WARN_NON_LITERAL_NULL_CONVERSION = YES;
				CLANG_WARN_OBJC_IMPLICIT_RETAIN_SELF = YES;
				CLANG_WARN_OBJC_LITERAL_CONVERSION = YES;
				CLANG_WARN_OBJC_ROOT_CLASS = YES_ERROR;
				CLANG_WARN_RANGE_LOOP_ANALYSIS = YES;
				CLANG_WARN_STRICT_PROTOTYPES = YES;
				CLANG_WARN_SUSPICIOUS_MOVE = YES;
				CLANG_WARN_UNGUARDED_AVAILABILITY = YES_AGGRESSIVE;
				CLANG_WARN_UNREACHABLE_CODE = YES;
				CLANG_WARN__DUPLICATE_METHOD_MATCH = YES;
				CODE_SIGN_IDENTITY = "iPhone Developer";
				COPY_PHASE_STRIP = NO;
				DEBUG_INFORMATION_FORMAT = "dwarf-with-dsym";
				ENABLE_NS_ASSERTIONS = NO;
				ENABLE_STRICT_OBJC_MSGSEND = YES;
				GCC_C_LANGUAGE_STANDARD = gnu11;
				GCC_NO_COMMON_BLOCKS = YES;
				GCC_WARN_64_TO_32_BIT_CONVERSION = YES;
				GCC_WARN_ABOUT_RETURN_TYPE = YES_ERROR;
				GCC_WARN_UNDECLARED_SELECTOR = YES;
				GCC_WARN_UNINITIALIZED_AUTOS = YES_AGGRESSIVE;
				GCC_WARN_UNUSED_FUNCTION = YES;
				GCC_WARN_UNUSED_VARIABLE = YES;
				IPHONEOS_DEPLOYMENT_TARGET = 12.4;
				MTL_ENABLE_DEBUG_INFO = NO;
				MTL_FAST_MATH = YES;
				SDKROOT = iphoneos;
				SWIFT_COMPILATION_MODE = wholemodule;
				SWIFT_OPTIMIZATION_LEVEL = "-O";
				VALIDATE_PRODUCT = YES;
			};
			name = Release;
		};
		EAD5B5A92320783D00459B5F /* Debug */ = {
			isa = XCBuildConfiguration;
			buildSettings = {
				ASSETCATALOG_COMPILER_APPICON_NAME = AppIcon;
				CODE_SIGN_STYLE = Automatic;
				INFOPLIST_FILE = PeopleAndAppleStockPrices/Info.plist;
				LD_RUNPATH_SEARCH_PATHS = (
					"$(inherited)",
					"@executable_path/Frameworks",
				);
				PRODUCT_BUNDLE_IDENTIFIER = "Pursuit-6.1.PeopleAndAppleStockPrices";
				PRODUCT_NAME = "$(TARGET_NAME)";
				SWIFT_VERSION = 5.0;
				TARGETED_DEVICE_FAMILY = "1,2";
			};
			name = Debug;
		};
		EAD5B5AA2320783D00459B5F /* Release */ = {
			isa = XCBuildConfiguration;
			buildSettings = {
				ASSETCATALOG_COMPILER_APPICON_NAME = AppIcon;
				CODE_SIGN_STYLE = Automatic;
				INFOPLIST_FILE = PeopleAndAppleStockPrices/Info.plist;
				LD_RUNPATH_SEARCH_PATHS = (
					"$(inherited)",
					"@executable_path/Frameworks",
				);
				PRODUCT_BUNDLE_IDENTIFIER = "Pursuit-6.1.PeopleAndAppleStockPrices";
				PRODUCT_NAME = "$(TARGET_NAME)";
				SWIFT_VERSION = 5.0;
				TARGETED_DEVICE_FAMILY = "1,2";
			};
			name = Release;
		};
		EAD5B5AC2320783D00459B5F /* Debug */ = {
			isa = XCBuildConfiguration;
			buildSettings = {
				ALWAYS_EMBED_SWIFT_STANDARD_LIBRARIES = YES;
				BUNDLE_LOADER = "$(TEST_HOST)";
				CODE_SIGN_STYLE = Automatic;
				INFOPLIST_FILE = PeopleAndAppleStockPricesTests/Info.plist;
				LD_RUNPATH_SEARCH_PATHS = (
					"$(inherited)",
					"@executable_path/Frameworks",
					"@loader_path/Frameworks",
				);
				PRODUCT_BUNDLE_IDENTIFIER = "Pursuit-6.1.PeopleAndAppleStockPricesTests";
				PRODUCT_NAME = "$(TARGET_NAME)";
				SWIFT_VERSION = 5.0;
				TARGETED_DEVICE_FAMILY = "1,2";
				TEST_HOST = "$(BUILT_PRODUCTS_DIR)/PeopleAndAppleStockPrices.app/PeopleAndAppleStockPrices";
			};
			name = Debug;
		};
		EAD5B5AD2320783D00459B5F /* Release */ = {
			isa = XCBuildConfiguration;
			buildSettings = {
				ALWAYS_EMBED_SWIFT_STANDARD_LIBRARIES = YES;
				BUNDLE_LOADER = "$(TEST_HOST)";
				CODE_SIGN_STYLE = Automatic;
				INFOPLIST_FILE = PeopleAndAppleStockPricesTests/Info.plist;
				LD_RUNPATH_SEARCH_PATHS = (
					"$(inherited)",
					"@executable_path/Frameworks",
					"@loader_path/Frameworks",
				);
				PRODUCT_BUNDLE_IDENTIFIER = "Pursuit-6.1.PeopleAndAppleStockPricesTests";
				PRODUCT_NAME = "$(TARGET_NAME)";
				SWIFT_VERSION = 5.0;
				TARGETED_DEVICE_FAMILY = "1,2";
				TEST_HOST = "$(BUILT_PRODUCTS_DIR)/PeopleAndAppleStockPrices.app/PeopleAndAppleStockPrices";
			};
			name = Release;
		};
/* End XCBuildConfiguration section */

/* Begin XCConfigurationList section */
		EAD5B5862320783C00459B5F /* Build configuration list for PBXProject "PeopleAndAppleStockPrices" */ = {
			isa = XCConfigurationList;
			buildConfigurations = (
				EAD5B5A62320783D00459B5F /* Debug */,
				EAD5B5A72320783D00459B5F /* Release */,
			);
			defaultConfigurationIsVisible = 0;
			defaultConfigurationName = Release;
		};
		EAD5B5A82320783D00459B5F /* Build configuration list for PBXNativeTarget "PeopleAndAppleStockPrices" */ = {
			isa = XCConfigurationList;
			buildConfigurations = (
				EAD5B5A92320783D00459B5F /* Debug */,
				EAD5B5AA2320783D00459B5F /* Release */,
			);
			defaultConfigurationIsVisible = 0;
			defaultConfigurationName = Release;
		};
		EAD5B5AB2320783D00459B5F /* Build configuration list for PBXNativeTarget "PeopleAndAppleStockPricesTests" */ = {
			isa = XCConfigurationList;
			buildConfigurations = (
				EAD5B5AC2320783D00459B5F /* Debug */,
				EAD5B5AD2320783D00459B5F /* Release */,
			);
			defaultConfigurationIsVisible = 0;
			defaultConfigurationName = Release;
		};
/* End XCConfigurationList section */
	};
	rootObject = EAD5B5832320783C00459B5F /* Project object */;
}
