// !$*UTF8*$!
{
	archiveVersion = 1;
	classes = {
	};
	objectVersion = 50;
	objects = {

/* Begin PBXBuildFile section */
		501B537F2321636200B151FE /* NetworkManager.swift in Sources */ = {isa = PBXBuildFile; fileRef = 501B537E2321636200B151FE /* NetworkManager.swift */; };
		501B53B4232190C300B151FE /* imageHelper.swift in Sources */ = {isa = PBXBuildFile; fileRef = 501B53B3232190C300B151FE /* imageHelper.swift */; };
		501B53BC2321935D00B151FE /* PeopleAndAppleStockPricesTests.swift in Sources */ = {isa = PBXBuildFile; fileRef = 501B53BB2321935D00B151FE /* PeopleAndAppleStockPricesTests.swift */; };
		502399B02320A9D900996A59 /* stockModel.swift in Sources */ = {isa = PBXBuildFile; fileRef = 502399AF2320A9D900996A59 /* stockModel.swift */; };
		5025CA0C231EC9EC00DC9FB3 /* userDetailViewController.swift in Sources */ = {isa = PBXBuildFile; fileRef = 5025CA0B231EC9EC00DC9FB3 /* userDetailViewController.swift */; };
		502D1DB32322F45F008AA518 /* AppDelegate 15-29-29-078.swift in Sources */ = {isa = PBXBuildFile; fileRef = 502D1DB22322F45F008AA518 /* AppDelegate 15-29-29-078.swift */; };
		50C43B0C2321960E00BA176C /* applstockinfo.json in Resources */ = {isa = PBXBuildFile; fileRef = 50C43B0B2321960E00BA176C /* applstockinfo.json */; };
		50C43B0E232197D400BA176C /* StockViewController.swift in Sources */ = {isa = PBXBuildFile; fileRef = 50C43B0D232197D400BA176C /* StockViewController.swift */; };
		50C43B102321A4F400BA176C /* stockDetailViewController.swift in Sources */ = {isa = PBXBuildFile; fileRef = 50C43B0F2321A4F400BA176C /* stockDetailViewController.swift */; };
		50C43B142321B49A00BA176C /* stockManager.swift in Sources */ = {isa = PBXBuildFile; fileRef = 50C43B132321B49A00BA176C /* stockManager.swift */; };
		50D96C302319BB4200EECEB3 /* userModel.swift in Sources */ = {isa = PBXBuildFile; fileRef = 50D96C2F2319BB4200EECEB3 /* userModel.swift */; };
		577E5BEE21BA8BA10083EB97 /* userViewController.swift in Sources */ = {isa = PBXBuildFile; fileRef = 577E5BED21BA8BA10083EB97 /* userViewController.swift */; };
		577E5BF121BA8BA10083EB97 /* Main.storyboard in Resources */ = {isa = PBXBuildFile; fileRef = 577E5BEF21BA8BA10083EB97 /* Main.storyboard */; };
		577E5BF321BA8BA20083EB97 /* Assets.xcassets in Resources */ = {isa = PBXBuildFile; fileRef = 577E5BF221BA8BA20083EB97 /* Assets.xcassets */; };
		577E5BF621BA8BA20083EB97 /* LaunchScreen.storyboard in Resources */ = {isa = PBXBuildFile; fileRef = 577E5BF421BA8BA20083EB97 /* LaunchScreen.storyboard */; };
/* End PBXBuildFile section */

/* Begin PBXContainerItemProxy section */
		501B53BE2321935D00B151FE /* PBXContainerItemProxy */ = {
			isa = PBXContainerItemProxy;
			containerPortal = 577E5BE021BA8BA10083EB97 /* Project object */;
			proxyType = 1;
			remoteGlobalIDString = 577E5BE721BA8BA10083EB97;
			remoteInfo = PeopleAndAppleStockPrices;
		};
/* End PBXContainerItemProxy section */

/* Begin PBXFileReference section */
		501B537E2321636200B151FE /* NetworkManager.swift */ = {isa = PBXFileReference; lastKnownFileType = sourcecode.swift; path = NetworkManager.swift; sourceTree = "<group>"; };
		501B53B3232190C300B151FE /* imageHelper.swift */ = {isa = PBXFileReference; lastKnownFileType = sourcecode.swift; path = imageHelper.swift; sourceTree = "<group>"; };
		501B53B92321935D00B151FE /* PeopleAndAppleStockPricesTests.xctest */ = {isa = PBXFileReference; explicitFileType = wrapper.cfbundle; includeInIndex = 0; path = PeopleAndAppleStockPricesTests.xctest; sourceTree = BUILT_PRODUCTS_DIR; };
		501B53BB2321935D00B151FE /* PeopleAndAppleStockPricesTests.swift */ = {isa = PBXFileReference; lastKnownFileType = sourcecode.swift; path = PeopleAndAppleStockPricesTests.swift; sourceTree = "<group>"; };
		501B53BD2321935D00B151FE /* Info.plist */ = {isa = PBXFileReference; lastKnownFileType = text.plist.xml; path = Info.plist; sourceTree = "<group>"; };
		502399AF2320A9D900996A59 /* stockModel.swift */ = {isa = PBXFileReference; lastKnownFileType = sourcecode.swift; path = stockModel.swift; sourceTree = "<group>"; };
		5025CA0B231EC9EC00DC9FB3 /* userDetailViewController.swift */ = {isa = PBXFileReference; lastKnownFileType = sourcecode.swift; path = userDetailViewController.swift; sourceTree = "<group>"; };
		502D1DB22322F45F008AA518 /* AppDelegate 15-29-29-078.swift */ = {isa = PBXFileReference; fileEncoding = 4; lastKnownFileType = sourcecode.swift; path = "AppDelegate 15-29-29-078.swift"; sourceTree = "<group>"; };
		50C43B0B2321960E00BA176C /* applstockinfo.json */ = {isa = PBXFileReference; fileEncoding = 4; lastKnownFileType = text.json; path = applstockinfo.json; sourceTree = "<group>"; };
		50C43B0D232197D400BA176C /* StockViewController.swift */ = {isa = PBXFileReference; lastKnownFileType = sourcecode.swift; path = StockViewController.swift; sourceTree = "<group>"; };
		50C43B0F2321A4F400BA176C /* stockDetailViewController.swift */ = {isa = PBXFileReference; lastKnownFileType = sourcecode.swift; path = stockDetailViewController.swift; sourceTree = "<group>"; };
		50C43B132321B49A00BA176C /* stockManager.swift */ = {isa = PBXFileReference; lastKnownFileType = sourcecode.swift; path = stockManager.swift; sourceTree = "<group>"; };
		50D96C2F2319BB4200EECEB3 /* userModel.swift */ = {isa = PBXFileReference; lastKnownFileType = sourcecode.swift; path = userModel.swift; sourceTree = "<group>"; };
		577E5BE821BA8BA10083EB97 /* PeopleAndAppleStockPrices.app */ = {isa = PBXFileReference; explicitFileType = wrapper.application; includeInIndex = 0; path = PeopleAndAppleStockPrices.app; sourceTree = BUILT_PRODUCTS_DIR; };
		577E5BED21BA8BA10083EB97 /* userViewController.swift */ = {isa = PBXFileReference; lastKnownFileType = sourcecode.swift; path = userViewController.swift; sourceTree = "<group>"; };
		577E5BF021BA8BA10083EB97 /* Base */ = {isa = PBXFileReference; lastKnownFileType = file.storyboard; name = Base; path = Base.lproj/Main.storyboard; sourceTree = "<group>"; };
		577E5BF221BA8BA20083EB97 /* Assets.xcassets */ = {isa = PBXFileReference; lastKnownFileType = folder.assetcatalog; path = Assets.xcassets; sourceTree = "<group>"; };
		577E5BF521BA8BA20083EB97 /* Base */ = {isa = PBXFileReference; lastKnownFileType = file.storyboard; name = Base; path = Base.lproj/LaunchScreen.storyboard; sourceTree = "<group>"; };
		577E5BF721BA8BA20083EB97 /* Info.plist */ = {isa = PBXFileReference; lastKnownFileType = text.plist.xml; path = Info.plist; sourceTree = "<group>"; };
/* End PBXFileReference section */

/* Begin PBXFrameworksBuildPhase section */
		501B53B62321935D00B151FE /* Frameworks */ = {
			isa = PBXFrameworksBuildPhase;
			buildActionMask = 2147483647;
			files = (
			);
			runOnlyForDeploymentPostprocessing = 0;
		};
		577E5BE521BA8BA10083EB97 /* Frameworks */ = {
			isa = PBXFrameworksBuildPhase;
			buildActionMask = 2147483647;
			files = (
			);
			runOnlyForDeploymentPostprocessing = 0;
		};
/* End PBXFrameworksBuildPhase section */

/* Begin PBXGroup section */
		501B537D2321635400B151FE /* API */ = {
			isa = PBXGroup;
			children = (
				501B537E2321636200B151FE /* NetworkManager.swift */,
				501B53B3232190C300B151FE /* imageHelper.swift */,
			);
			path = API;
			sourceTree = "<group>";
		};
		501B53BA2321935D00B151FE /* PeopleAndAppleStockPricesTests */ = {
			isa = PBXGroup;
			children = (
				501B53BB2321935D00B151FE /* PeopleAndAppleStockPricesTests.swift */,
				501B53BD2321935D00B151FE /* Info.plist */,
			);
			path = PeopleAndAppleStockPricesTests;
			sourceTree = "<group>";
		};
		5025CA0A231EC9CC00DC9FB3 /* detailVIewControllers */ = {
			isa = PBXGroup;
			children = (
				5025CA0B231EC9EC00DC9FB3 /* userDetailViewController.swift */,
				50C43B0F2321A4F400BA176C /* stockDetailViewController.swift */,
			);
			path = detailVIewControllers;
			sourceTree = "<group>";
		};
		50D96C2D2319BAA100EECEB3 /* startingViewController */ = {
			isa = PBXGroup;
			children = (
				577E5BED21BA8BA10083EB97 /* userViewController.swift */,
				50C43B0D232197D400BA176C /* StockViewController.swift */,
			);
			path = startingViewController;
			sourceTree = "<group>";
		};
		50D96C2E2319BB2600EECEB3 /* models */ = {
			isa = PBXGroup;
			children = (
				50D96C2F2319BB4200EECEB3 /* userModel.swift */,
				502399AF2320A9D900996A59 /* stockModel.swift */,
				50C43B132321B49A00BA176C /* stockManager.swift */,
			);
			path = models;
			sourceTree = "<group>";
		};
		577E5BDF21BA8BA10083EB97 = {
			isa = PBXGroup;
			children = (
				577E5BEA21BA8BA10083EB97 /* PeopleAndAppleStockPrices */,
				501B53BA2321935D00B151FE /* PeopleAndAppleStockPricesTests */,
				577E5BE921BA8BA10083EB97 /* Products */,
			);
			sourceTree = "<group>";
		};
		577E5BE921BA8BA10083EB97 /* Products */ = {
			isa = PBXGroup;
			children = (
				577E5BE821BA8BA10083EB97 /* PeopleAndAppleStockPrices.app */,
				501B53B92321935D00B151FE /* PeopleAndAppleStockPricesTests.xctest */,
			);
			name = Products;
			sourceTree = "<group>";
		};
		577E5BEA21BA8BA10083EB97 /* PeopleAndAppleStockPrices */ = {
			isa = PBXGroup;
			children = (
				577E5BEF21BA8BA10083EB97 /* Main.storyboard */,
				501B537D2321635400B151FE /* API */,
				5025CA0A231EC9CC00DC9FB3 /* detailVIewControllers */,
				50D96C2E2319BB2600EECEB3 /* models */,
				50D96C2D2319BAA100EECEB3 /* startingViewController */,
				577E5BFD21BA8BE20083EB97 /* Supporting Files */,
				577E5BF721BA8BA20083EB97 /* Info.plist */,
			);
			path = PeopleAndAppleStockPrices;
			sourceTree = "<group>";
		};
		577E5BFD21BA8BE20083EB97 /* Supporting Files */ = {
			isa = PBXGroup;
			children = (
				502D1DB22322F45F008AA518 /* AppDelegate 15-29-29-078.swift */,
				50C43B0B2321960E00BA176C /* applstockinfo.json */,
				577E5BF221BA8BA20083EB97 /* Assets.xcassets */,
				577E5BF421BA8BA20083EB97 /* LaunchScreen.storyboard */,
			);
			path = "Supporting Files";
			sourceTree = "<group>";
		};
/* End PBXGroup section */

/* Begin PBXNativeTarget section */
		501B53B82321935D00B151FE /* PeopleAndAppleStockPricesTests */ = {
			isa = PBXNativeTarget;
			buildConfigurationList = 501B53C02321935D00B151FE /* Build configuration list for PBXNativeTarget "PeopleAndAppleStockPricesTests" */;
			buildPhases = (
				501B53B52321935D00B151FE /* Sources */,
				501B53B62321935D00B151FE /* Frameworks */,
				501B53B72321935D00B151FE /* Resources */,
			);
			buildRules = (
			);
			dependencies = (
				501B53BF2321935D00B151FE /* PBXTargetDependency */,
			);
			name = PeopleAndAppleStockPricesTests;
			productName = PeopleAndAppleStockPricesTests;
			productReference = 501B53B92321935D00B151FE /* PeopleAndAppleStockPricesTests.xctest */;
			productType = "com.apple.product-type.bundle.unit-test";
		};
		577E5BE721BA8BA10083EB97 /* PeopleAndAppleStockPrices */ = {
			isa = PBXNativeTarget;
			buildConfigurationList = 577E5BFA21BA8BA20083EB97 /* Build configuration list for PBXNativeTarget "PeopleAndAppleStockPrices" */;
			buildPhases = (
				577E5BE421BA8BA10083EB97 /* Sources */,
				577E5BE521BA8BA10083EB97 /* Frameworks */,
				577E5BE621BA8BA10083EB97 /* Resources */,
			);
			buildRules = (
			);
			dependencies = (
			);
			name = PeopleAndAppleStockPrices;
			productName = PeopleAndAppleStockPrices;
			productReference = 577E5BE821BA8BA10083EB97 /* PeopleAndAppleStockPrices.app */;
			productType = "com.apple.product-type.application";
		};
/* End PBXNativeTarget section */

/* Begin PBXProject section */
		577E5BE021BA8BA10083EB97 /* Project object */ = {
			isa = PBXProject;
			attributes = {
				LastSwiftUpdateCheck = 1030;
				LastUpgradeCheck = 1010;
				ORGANIZATIONNAME = Pursuit;
				TargetAttributes = {
					501B53B82321935D00B151FE = {
						CreatedOnToolsVersion = 10.3;
						TestTargetID = 577E5BE721BA8BA10083EB97;
					};
					577E5BE721BA8BA10083EB97 = {
						CreatedOnToolsVersion = 10.1;
					};
				};
			};
			buildConfigurationList = 577E5BE321BA8BA10083EB97 /* Build configuration list for PBXProject "PeopleAndAppleStockPrices" */;
			compatibilityVersion = "Xcode 9.3";
			developmentRegion = en;
			hasScannedForEncodings = 0;
			knownRegions = (
				en,
				Base,
			);
			mainGroup = 577E5BDF21BA8BA10083EB97;
			productRefGroup = 577E5BE921BA8BA10083EB97 /* Products */;
			projectDirPath = "";
			projectRoot = "";
			targets = (
				577E5BE721BA8BA10083EB97 /* PeopleAndAppleStockPrices */,
				501B53B82321935D00B151FE /* PeopleAndAppleStockPricesTests */,
			);
		};
/* End PBXProject section */

/* Begin PBXResourcesBuildPhase section */
		501B53B72321935D00B151FE /* Resources */ = {
			isa = PBXResourcesBuildPhase;
			buildActionMask = 2147483647;
			files = (
			);
			runOnlyForDeploymentPostprocessing = 0;
		};
		577E5BE621BA8BA10083EB97 /* Resources */ = {
			isa = PBXResourcesBuildPhase;
			buildActionMask = 2147483647;
			files = (
				577E5BF621BA8BA20083EB97 /* LaunchScreen.storyboard in Resources */,
				577E5BF321BA8BA20083EB97 /* Assets.xcassets in Resources */,
				577E5BF121BA8BA10083EB97 /* Main.storyboard in Resources */,
				50C43B0C2321960E00BA176C /* applstockinfo.json in Resources */,
			);
			runOnlyForDeploymentPostprocessing = 0;
		};
/* End PBXResourcesBuildPhase section */

/* Begin PBXSourcesBuildPhase section */
		501B53B52321935D00B151FE /* Sources */ = {
			isa = PBXSourcesBuildPhase;
			buildActionMask = 2147483647;
			files = (
				501B53BC2321935D00B151FE /* PeopleAndAppleStockPricesTests.swift in Sources */,
			);
			runOnlyForDeploymentPostprocessing = 0;
		};
		577E5BE421BA8BA10083EB97 /* Sources */ = {
			isa = PBXSourcesBuildPhase;
			buildActionMask = 2147483647;
			files = (
				50C43B102321A4F400BA176C /* stockDetailViewController.swift in Sources */,
				502399B02320A9D900996A59 /* stockModel.swift in Sources */,
				50C43B142321B49A00BA176C /* stockManager.swift in Sources */,
				577E5BEE21BA8BA10083EB97 /* userViewController.swift in Sources */,
				5025CA0C231EC9EC00DC9FB3 /* userDetailViewController.swift in Sources */,
				50D96C302319BB4200EECEB3 /* userModel.swift in Sources */,
				501B537F2321636200B151FE /* NetworkManager.swift in Sources */,
				502D1DB32322F45F008AA518 /* AppDelegate 15-29-29-078.swift in Sources */,
				501B53B4232190C300B151FE /* imageHelper.swift in Sources */,
				50C43B0E232197D400BA176C /* StockViewController.swift in Sources */,
			);
			runOnlyForDeploymentPostprocessing = 0;
		};
/* End PBXSourcesBuildPhase section */

/* Begin PBXTargetDependency section */
		501B53BF2321935D00B151FE /* PBXTargetDependency */ = {
			isa = PBXTargetDependency;
			target = 577E5BE721BA8BA10083EB97 /* PeopleAndAppleStockPrices */;
			targetProxy = 501B53BE2321935D00B151FE /* PBXContainerItemProxy */;
		};
/* End PBXTargetDependency section */

/* Begin PBXVariantGroup section */
		577E5BEF21BA8BA10083EB97 /* Main.storyboard */ = {
			isa = PBXVariantGroup;
			children = (
				577E5BF021BA8BA10083EB97 /* Base */,
			);
			name = Main.storyboard;
			sourceTree = "<group>";
		};
		577E5BF421BA8BA20083EB97 /* LaunchScreen.storyboard */ = {
			isa = PBXVariantGroup;
			children = (
				577E5BF521BA8BA20083EB97 /* Base */,
			);
			name = LaunchScreen.storyboard;
			sourceTree = "<group>";
		};
/* End PBXVariantGroup section */

/* Begin XCBuildConfiguration section */
		501B53C12321935D00B151FE /* Debug */ = {
			isa = XCBuildConfiguration;
			buildSettings = {
				BUNDLE_LOADER = "$(TEST_HOST)";
				CODE_SIGN_STYLE = Automatic;
				DEVELOPMENT_TEAM = NR846ZRL26;
				INFOPLIST_FILE = PeopleAndAppleStockPricesTests/Info.plist;
				IPHONEOS_DEPLOYMENT_TARGET = 12.4;
				LD_RUNPATH_SEARCH_PATHS = (
					"$(inherited)",
					"@executable_path/Frameworks",
					"@loader_path/Frameworks",
				);
				PRODUCT_BUNDLE_IDENTIFIER = albert.PeopleAndAppleStockPricesTests;
				PRODUCT_NAME = "$(TARGET_NAME)";
				SWIFT_VERSION = 5.0;
				TARGETED_DEVICE_FAMILY = "1,2";
				TEST_HOST = "$(BUILT_PRODUCTS_DIR)/PeopleAndAppleStockPrices.app/PeopleAndAppleStockPrices";
			};
			name = Debug;
		};
		501B53C22321935D00B151FE /* Release */ = {
			isa = XCBuildConfiguration;
			buildSettings = {
				BUNDLE_LOADER = "$(TEST_HOST)";
				CODE_SIGN_STYLE = Automatic;
				DEVELOPMENT_TEAM = NR846ZRL26;
				INFOPLIST_FILE = PeopleAndAppleStockPricesTests/Info.plist;
				IPHONEOS_DEPLOYMENT_TARGET = 12.4;
				LD_RUNPATH_SEARCH_PATHS = (
					"$(inherited)",
					"@executable_path/Frameworks",
					"@loader_path/Frameworks",
				);
				PRODUCT_BUNDLE_IDENTIFIER = albert.PeopleAndAppleStockPricesTests;
				PRODUCT_NAME = "$(TARGET_NAME)";
				SWIFT_VERSION = 5.0;
				TARGETED_DEVICE_FAMILY = "1,2";
				TEST_HOST = "$(BUILT_PRODUCTS_DIR)/PeopleAndAppleStockPrices.app/PeopleAndAppleStockPrices";
			};
			name = Release;
		};
		577E5BF821BA8BA20083EB97 /* Debug */ = {
			isa = XCBuildConfiguration;
			buildSettings = {
				ALWAYS_SEARCH_USER_PATHS = NO;
				CLANG_ANALYZER_NONNULL = YES;
				CLANG_ANALYZER_NUMBER_OBJECT_CONVERSION = YES_AGGRESSIVE;
				CLANG_CXX_LANGUAGE_STANDARD = "gnu++14";
				CLANG_CXX_LIBRARY = "libc++";
				CLANG_ENABLE_MODULES = YES;
				CLANG_ENABLE_OBJC_ARC = YES;
				CLANG_ENABLE_OBJC_WEAK = YES;
				CLANG_WARN_BLOCK_CAPTURE_AUTORELEASING = YES;
				CLANG_WARN_BOOL_CONVERSION = YES;
				CLANG_WARN_COMMA = YES;
				CLANG_WARN_CONSTANT_CONVERSION = YES;
				CLANG_WARN_DEPRECATED_OBJC_IMPLEMENTATIONS = YES;
				CLANG_WARN_DIRECT_OBJC_ISA_USAGE = YES_ERROR;
				CLANG_WARN_DOCUMENTATION_COMMENTS = YES;
				CLANG_WARN_EMPTY_BODY = YES;
				CLANG_WARN_ENUM_CONVERSION = YES;
				CLANG_WARN_INFINITE_RECURSION = YES;
				CLANG_WARN_INT_CONVERSION = YES;
				CLANG_WARN_NON_LITERAL_NULL_CONVERSION = YES;
				CLANG_WARN_OBJC_IMPLICIT_RETAIN_SELF = YES;
				CLANG_WARN_OBJC_LITERAL_CONVERSION = YES;
				CLANG_WARN_OBJC_ROOT_CLASS = YES_ERROR;
				CLANG_WARN_RANGE_LOOP_ANALYSIS = YES;
				CLANG_WARN_STRICT_PROTOTYPES = YES;
				CLANG_WARN_SUSPICIOUS_MOVE = YES;
				CLANG_WARN_UNGUARDED_AVAILABILITY = YES_AGGRESSIVE;
				CLANG_WARN_UNREACHABLE_CODE = YES;
				CLANG_WARN__DUPLICATE_METHOD_MATCH = YES;
				CODE_SIGN_IDENTITY = "iPhone Developer";
				COPY_PHASE_STRIP = NO;
				DEBUG_INFORMATION_FORMAT = dwarf;
				ENABLE_STRICT_OBJC_MSGSEND = YES;
				ENABLE_TESTABILITY = YES;
				GCC_C_LANGUAGE_STANDARD = gnu11;
				GCC_DYNAMIC_NO_PIC = NO;
				GCC_NO_COMMON_BLOCKS = YES;
				GCC_OPTIMIZATION_LEVEL = 0;
				GCC_PREPROCESSOR_DEFINITIONS = (
					"DEBUG=1",
					"$(inherited)",
				);
				GCC_WARN_64_TO_32_BIT_CONVERSION = YES;
				GCC_WARN_ABOUT_RETURN_TYPE = YES_ERROR;
				GCC_WARN_UNDECLARED_SELECTOR = YES;
				GCC_WARN_UNINITIALIZED_AUTOS = YES_AGGRESSIVE;
				GCC_WARN_UNUSED_FUNCTION = YES;
				GCC_WARN_UNUSED_VARIABLE = YES;
				IPHONEOS_DEPLOYMENT_TARGET = 12.1;
				MTL_ENABLE_DEBUG_INFO = INCLUDE_SOURCE;
				MTL_FAST_MATH = YES;
				ONLY_ACTIVE_ARCH = YES;
				SDKROOT = iphoneos;
				SWIFT_ACTIVE_COMPILATION_CONDITIONS = DEBUG;
				SWIFT_OPTIMIZATION_LEVEL = "-Onone";
			};
			name = Debug;
		};
		577E5BF921BA8BA20083EB97 /* Release */ = {
			isa = XCBuildConfiguration;
			buildSettings = {
				ALWAYS_SEARCH_USER_PATHS = NO;
				CLANG_ANALYZER_NONNULL = YES;
				CLANG_ANALYZER_NUMBER_OBJECT_CONVERSION = YES_AGGRESSIVE;
				CLANG_CXX_LANGUAGE_STANDARD = "gnu++14";
				CLANG_CXX_LIBRARY = "libc++";
				CLANG_ENABLE_MODULES = YES;
				CLANG_ENABLE_OBJC_ARC = YES;
				CLANG_ENABLE_OBJC_WEAK = YES;
				CLANG_WARN_BLOCK_CAPTURE_AUTORELEASING = YES;
				CLANG_WARN_BOOL_CONVERSION = YES;
				CLANG_WARN_COMMA = YES;
				CLANG_WARN_CONSTANT_CONVERSION = YES;
				CLANG_WARN_DEPRECATED_OBJC_IMPLEMENTATIONS = YES;
				CLANG_WARN_DIRECT_OBJC_ISA_USAGE = YES_ERROR;
				CLANG_WARN_DOCUMENTATION_COMMENTS = YES;
				CLANG_WARN_EMPTY_BODY = YES;
				CLANG_WARN_ENUM_CONVERSION = YES;
				CLANG_WARN_INFINITE_RECURSION = YES;
				CLANG_WARN_INT_CONVERSION = YES;
				CLANG_WARN_NON_LITERAL_NULL_CONVERSION = YES;
				CLANG_WARN_OBJC_IMPLICIT_RETAIN_SELF = YES;
				CLANG_WARN_OBJC_LITERAL_CONVERSION = YES;
				CLANG_WARN_OBJC_ROOT_CLASS = YES_ERROR;
				CLANG_WARN_RANGE_LOOP_ANALYSIS = YES;
				CLANG_WARN_STRICT_PROTOTYPES = YES;
				CLANG_WARN_SUSPICIOUS_MOVE = YES;
				CLANG_WARN_UNGUARDED_AVAILABILITY = YES_AGGRESSIVE;
				CLANG_WARN_UNREACHABLE_CODE = YES;
				CLANG_WARN__DUPLICATE_METHOD_MATCH = YES;
				CODE_SIGN_IDENTITY = "iPhone Developer";
				COPY_PHASE_STRIP = NO;
				DEBUG_INFORMATION_FORMAT = "dwarf-with-dsym";
				ENABLE_NS_ASSERTIONS = NO;
				ENABLE_STRICT_OBJC_MSGSEND = YES;
				GCC_C_LANGUAGE_STANDARD = gnu11;
				GCC_NO_COMMON_BLOCKS = YES;
				GCC_WARN_64_TO_32_BIT_CONVERSION = YES;
				GCC_WARN_ABOUT_RETURN_TYPE = YES_ERROR;
				GCC_WARN_UNDECLARED_SELECTOR = YES;
				GCC_WARN_UNINITIALIZED_AUTOS = YES_AGGRESSIVE;
				GCC_WARN_UNUSED_FUNCTION = YES;
				GCC_WARN_UNUSED_VARIABLE = YES;
				IPHONEOS_DEPLOYMENT_TARGET = 12.1;
				MTL_ENABLE_DEBUG_INFO = NO;
				MTL_FAST_MATH = YES;
				SDKROOT = iphoneos;
				SWIFT_COMPILATION_MODE = wholemodule;
				SWIFT_OPTIMIZATION_LEVEL = "-O";
				VALIDATE_PRODUCT = YES;
			};
			name = Release;
		};
		577E5BFB21BA8BA20083EB97 /* Debug */ = {
			isa = XCBuildConfiguration;
			buildSettings = {
				ASSETCATALOG_COMPILER_APPICON_NAME = AppIcon;
				CODE_SIGN_STYLE = Automatic;
				INFOPLIST_FILE = PeopleAndAppleStockPrices/Info.plist;
				IPHONEOS_DEPLOYMENT_TARGET = 12.0;
				LD_RUNPATH_SEARCH_PATHS = (
					"$(inherited)",
					"@executable_path/Frameworks",
				);
				PRODUCT_BUNDLE_IDENTIFIER = org.pursuit.PeopleAndAppleStockPrices;
				PRODUCT_NAME = "$(TARGET_NAME)";
				SWIFT_VERSION = 4.2;
				TARGETED_DEVICE_FAMILY = "1,2";
			};
			name = Debug;
		};
		577E5BFC21BA8BA20083EB97 /* Release */ = {
			isa = XCBuildConfiguration;
			buildSettings = {
				ASSETCATALOG_COMPILER_APPICON_NAME = AppIcon;
				CODE_SIGN_STYLE = Automatic;
				INFOPLIST_FILE = PeopleAndAppleStockPrices/Info.plist;
				IPHONEOS_DEPLOYMENT_TARGET = 12.0;
				LD_RUNPATH_SEARCH_PATHS = (
					"$(inherited)",
					"@executable_path/Frameworks",
				);
				PRODUCT_BUNDLE_IDENTIFIER = org.pursuit.PeopleAndAppleStockPrices;
				PRODUCT_NAME = "$(TARGET_NAME)";
				SWIFT_VERSION = 4.2;
				TARGETED_DEVICE_FAMILY = "1,2";
			};
			name = Release;
		};
/* End XCBuildConfiguration section */

/* Begin XCConfigurationList section */
		501B53C02321935D00B151FE /* Build configuration list for PBXNativeTarget "PeopleAndAppleStockPricesTests" */ = {
			isa = XCConfigurationList;
			buildConfigurations = (
				501B53C12321935D00B151FE /* Debug */,
				501B53C22321935D00B151FE /* Release */,
			);
			defaultConfigurationIsVisible = 0;
			defaultConfigurationName = Release;
		};
		577E5BE321BA8BA10083EB97 /* Build configuration list for PBXProject "PeopleAndAppleStockPrices" */ = {
			isa = XCConfigurationList;
			buildConfigurations = (
				577E5BF821BA8BA20083EB97 /* Debug */,
				577E5BF921BA8BA20083EB97 /* Release */,
			);
			defaultConfigurationIsVisible = 0;
			defaultConfigurationName = Release;
		};
		577E5BFA21BA8BA20083EB97 /* Build configuration list for PBXNativeTarget "PeopleAndAppleStockPrices" */ = {
			isa = XCConfigurationList;
			buildConfigurations = (
				577E5BFB21BA8BA20083EB97 /* Debug */,
				577E5BFC21BA8BA20083EB97 /* Release */,
			);
			defaultConfigurationIsVisible = 0;
			defaultConfigurationName = Release;
		};
/* End XCConfigurationList section */
	};
	rootObject = 577E5BE021BA8BA10083EB97 /* Project object */;
}
